Microsoft Visual Studio Solution File, Format Version 11.00
# Visual Studio 2008

Project("{32FDC5BC-7B13-6871-5A0E-656A0AACF835}") = "GameJamUA-Juego2D", "Assembly-CSharp.csproj", "{8EDB5BFE-9DDB-AC9F-E1B8-5C4A8F1BAB50}"
EndProject
Global
	GlobalSection(SolutionConfigurationPlatforms) = preSolution
		Debug|Any CPU = Debug|Any CPU
		Release|Any CPU = Release|Any CPU
	EndGlobalSection
	GlobalSection(ProjectConfigurationPlatforms) = postSolution
		{8EDB5BFE-9DDB-AC9F-E1B8-5C4A8F1BAB50}.Debug|Any CPU.ActiveCfg = Debug|Any CPU
		{8EDB5BFE-9DDB-AC9F-E1B8-5C4A8F1BAB50}.Debug|Any CPU.Build.0 = Debug|Any CPU
		{8EDB5BFE-9DDB-AC9F-E1B8-5C4A8F1BAB50}.Release|Any CPU.ActiveCfg = Release|Any CPU
		{8EDB5BFE-9DDB-AC9F-E1B8-5C4A8F1BAB50}.Release|Any CPU.Build.0 = Release|Any CPU
	EndGlobalSection
	GlobalSection(SolutionProperties) = preSolution
		HideSolutionNode = FALSE
	EndGlobalSection
	GlobalSection(MonoDevelopProperties) = preSolution
		StartupItem = Assembly-CSharp.csproj
	EndGlobalSection
EndGlobal
